
Microsoft Visual Studio Solution File, Format Version 12.00
# Visual Studio Version 17
VisualStudioVersion = 17.6.33801.468
MinimumVisualStudioVersion = 10.0.40219.1
Project("{9A19103F-16F7-4668-BE54-9A1E7A4F7556}") = "SimulationInsight.MathLibrary", "SimulationInsight.MathLibrary\SimulationInsight.MathLibrary.csproj", "{E4D177D0-4448-49E8-8390-B4BF8AA844FC}"
EndProject
Project("{9A19103F-16F7-4668-BE54-9A1E7A4F7556}") = "SimulationInsight.RadarFunctions", "SimulationInsight.RadarFunctions\SimulationInsight.RadarFunctions.csproj", "{13D221DB-849A-4FFA-B725-7F0BD7780DD5}"
EndProject
Project("{9A19103F-16F7-4668-BE54-9A1E7A4F7556}") = "SimulationInsight.TrackingLibrary", "SimulationInsight.TrackingLibrary\SimulationInsight.TrackingLibrary.csproj", "{A6E23FDF-13EE-4A23-89D0-156101DA7C1A}"
EndProject
Project("{9A19103F-16F7-4668-BE54-9A1E7A4F7556}") = "SimulationInsight.Core", "SimulationInsight.Core\SimulationInsight.Core.csproj", "{8E41C7E7-F45F-4FA4-8877-F2CBBAA5B327}"
EndProject
Project("{9A19103F-16F7-4668-BE54-9A1E7A4F7556}") = "SimulationInsight.RadarLibrary", "SimulationInsight.RadarLibrary\SimulationInsight.RadarLibrary.csproj", "{8C8B4920-95F8-445C-8775-719D8E5314B5}"
EndProject
Project("{9A19103F-16F7-4668-BE54-9A1E7A4F7556}") = "SimulationInsight.RadarLibrary.Tests", "SimulationInsight.RadarLibrary.Tests\SimulationInsight.RadarLibrary.Tests.csproj", "{2F7F7970-B7D3-4441-8C8D-1E349D135173}"
EndProject
Project("{9A19103F-16F7-4668-BE54-9A1E7A4F7556}") = "SimulationInsight.RadarDetectionModel.Console", "SimulationInsight.RadarDetectionModel.Console\SimulationInsight.RadarDetectionModel.Console.csproj", "{A657312A-9192-4240-8F21-203C18D0547E}"
EndProject
Project("{9A19103F-16F7-4668-BE54-9A1E7A4F7556}") = "SimulationInsight.ScenarioGenerator", "SimulationInsight.ScenarioGenerator\SimulationInsight.ScenarioGenerator.csproj", "{93BEB97F-ECD8-47C7-AFA5-1DE29B8FD86B}"
EndProject
Project("{9A19103F-16F7-4668-BE54-9A1E7A4F7556}") = "SimulationInsight.Radar", "SimulationInsight.Radar\SimulationInsight.Radar.csproj", "{694705F9-AF61-4C39-9C7F-0C1295350E65}"
EndProject
Project("{9A19103F-16F7-4668-BE54-9A1E7A4F7556}") = "SimulationInsight.Simulation", "SimulationInsight.Simulation\SimulationInsight.Simulation.csproj", "{D3025913-0EF0-465E-8ECF-E29E46A96CFB}"
EndProject
Project("{9A19103F-16F7-4668-BE54-9A1E7A4F7556}") = "SimulationInsight.DataRecorder", "SimulationInsight.DataRecorder\SimulationInsight.DataRecorder.csproj", "{B3EF9223-4233-4055-80A4-86B4EDB82B0A}"
EndProject
Project("{9A19103F-16F7-4668-BE54-9A1E7A4F7556}") = "SimulationInsight.SystemMessages", "SimulationInsight.SystemMessages\SimulationInsight.SystemMessages.csproj", "{5B9BF99B-FA62-45FD-9E67-C4AB34C33FCE}"
EndProject
Project("{9A19103F-16F7-4668-BE54-9A1E7A4F7556}") = "SimulationInsight.Simulation.Console", "SimulationInsight.Simulation.Console\SimulationInsight.Simulation.Console.csproj", "{95FD919B-9467-4345-8750-B7FEA7E99ED2}"
EndProject
Project("{9A19103F-16F7-4668-BE54-9A1E7A4F7556}") = "SimulationInsight.Antenna", "SimulationInsight.Antenna\SimulationInsight.Antenna.csproj", "{8F8A1E83-6926-41EB-9C44-753F043AA4AC}"
EndProject
Project("{9A19103F-16F7-4668-BE54-9A1E7A4F7556}") = "SimulationInsight.MathLibrary.Tests", "SimulationInsight.MathLibrary.Tests\SimulationInsight.MathLibrary.Tests.csproj", "{78194F9F-F2F5-4516-8556-F1D17A136618}"
EndProject
Project("{9A19103F-16F7-4668-BE54-9A1E7A4F7556}") = "SimulationInsight.RadarCalculator", "SimulationInsight.RadarCalculator\SimulationInsight.RadarCalculator.csproj", "{D80ECE92-E8C0-4DE2-B383-657B038C0D76}"
EndProject
Project("{9A19103F-16F7-4668-BE54-9A1E7A4F7556}") = "SimulationInsight.RadarCalculator.Core", "SimulationInsight.RadarCalculator.Core\SimulationInsight.RadarCalculator.Core.csproj", "{6E821E1C-484D-4C17-BB47-9F99D207F82E}"
EndProject
Project("{9A19103F-16F7-4668-BE54-9A1E7A4F7556}") = "SimulationInsight.RadarCalculator.Tests.MSTest", "SimulationInsight.RadarCalculator.Tests.MSTest\SimulationInsight.RadarCalculator.Tests.MSTest.csproj", "{7C4AC51B-1583-4A0E-9606-EEB48A228565}"
EndProject
Project("{FAE04EC0-301F-11D3-BF4B-00C04F79EFBC}") = "SimulationInsight.RadarFunctions.Tests", "SimulationInsight.RadarFunctions.Tests\SimulationInsight.RadarFunctions.Tests.csproj", "{F58EE345-C837-4C1E-A4FA-6E8FD9ED10B8}"
EndProject
Global
	GlobalSection(SolutionConfigurationPlatforms) = preSolution
		Debug|Any CPU = Debug|Any CPU
		Debug|arm64 = Debug|arm64
		Debug|x64 = Debug|x64
		Debug|x86 = Debug|x86
		Release|Any CPU = Release|Any CPU
		Release|arm64 = Release|arm64
		Release|x64 = Release|x64
		Release|x86 = Release|x86
	EndGlobalSection
	GlobalSection(ProjectConfigurationPlatforms) = postSolution
		{E4D177D0-4448-49E8-8390-B4BF8AA844FC}.Debug|Any CPU.ActiveCfg = Debug|Any CPU
		{E4D177D0-4448-49E8-8390-B4BF8AA844FC}.Debug|Any CPU.Build.0 = Debug|Any CPU
		{E4D177D0-4448-49E8-8390-B4BF8AA844FC}.Debug|arm64.ActiveCfg = Debug|Any CPU
		{E4D177D0-4448-49E8-8390-B4BF8AA844FC}.Debug|arm64.Build.0 = Debug|Any CPU
		{E4D177D0-4448-49E8-8390-B4BF8AA844FC}.Debug|x64.ActiveCfg = Debug|Any CPU
		{E4D177D0-4448-49E8-8390-B4BF8AA844FC}.Debug|x64.Build.0 = Debug|Any CPU
		{E4D177D0-4448-49E8-8390-B4BF8AA844FC}.Debug|x86.ActiveCfg = Debug|Any CPU
		{E4D177D0-4448-49E8-8390-B4BF8AA844FC}.Debug|x86.Build.0 = Debug|Any CPU
		{E4D177D0-4448-49E8-8390-B4BF8AA844FC}.Release|Any CPU.ActiveCfg = Release|Any CPU
		{E4D177D0-4448-49E8-8390-B4BF8AA844FC}.Release|Any CPU.Build.0 = Release|Any CPU
		{E4D177D0-4448-49E8-8390-B4BF8AA844FC}.Release|arm64.ActiveCfg = Release|Any CPU
		{E4D177D0-4448-49E8-8390-B4BF8AA844FC}.Release|arm64.Build.0 = Release|Any CPU
		{E4D177D0-4448-49E8-8390-B4BF8AA844FC}.Release|x64.ActiveCfg = Release|Any CPU
		{E4D177D0-4448-49E8-8390-B4BF8AA844FC}.Release|x64.Build.0 = Release|Any CPU
		{E4D177D0-4448-49E8-8390-B4BF8AA844FC}.Release|x86.ActiveCfg = Release|Any CPU
		{E4D177D0-4448-49E8-8390-B4BF8AA844FC}.Release|x86.Build.0 = Release|Any CPU
		{13D221DB-849A-4FFA-B725-7F0BD7780DD5}.Debug|Any CPU.ActiveCfg = Debug|Any CPU
		{13D221DB-849A-4FFA-B725-7F0BD7780DD5}.Debug|Any CPU.Build.0 = Debug|Any CPU
		{13D221DB-849A-4FFA-B725-7F0BD7780DD5}.Debug|arm64.ActiveCfg = Debug|Any CPU
		{13D221DB-849A-4FFA-B725-7F0BD7780DD5}.Debug|arm64.Build.0 = Debug|Any CPU
		{13D221DB-849A-4FFA-B725-7F0BD7780DD5}.Debug|x64.ActiveCfg = Debug|Any CPU
		{13D221DB-849A-4FFA-B725-7F0BD7780DD5}.Debug|x64.Build.0 = Debug|Any CPU
		{13D221DB-849A-4FFA-B725-7F0BD7780DD5}.Debug|x86.ActiveCfg = Debug|Any CPU
		{13D221DB-849A-4FFA-B725-7F0BD7780DD5}.Debug|x86.Build.0 = Debug|Any CPU
		{13D221DB-849A-4FFA-B725-7F0BD7780DD5}.Release|Any CPU.ActiveCfg = Release|Any CPU
		{13D221DB-849A-4FFA-B725-7F0BD7780DD5}.Release|Any CPU.Build.0 = Release|Any CPU
		{13D221DB-849A-4FFA-B725-7F0BD7780DD5}.Release|arm64.ActiveCfg = Release|Any CPU
		{13D221DB-849A-4FFA-B725-7F0BD7780DD5}.Release|arm64.Build.0 = Release|Any CPU
		{13D221DB-849A-4FFA-B725-7F0BD7780DD5}.Release|x64.ActiveCfg = Release|Any CPU
		{13D221DB-849A-4FFA-B725-7F0BD7780DD5}.Release|x64.Build.0 = Release|Any CPU
		{13D221DB-849A-4FFA-B725-7F0BD7780DD5}.Release|x86.ActiveCfg = Release|Any CPU
		{13D221DB-849A-4FFA-B725-7F0BD7780DD5}.Release|x86.Build.0 = Release|Any CPU
		{A6E23FDF-13EE-4A23-89D0-156101DA7C1A}.Debug|Any CPU.ActiveCfg = Debug|Any CPU
		{A6E23FDF-13EE-4A23-89D0-156101DA7C1A}.Debug|Any CPU.Build.0 = Debug|Any CPU
		{A6E23FDF-13EE-4A23-89D0-156101DA7C1A}.Debug|arm64.ActiveCfg = Debug|Any CPU
		{A6E23FDF-13EE-4A23-89D0-156101DA7C1A}.Debug|arm64.Build.0 = Debug|Any CPU
		{A6E23FDF-13EE-4A23-89D0-156101DA7C1A}.Debug|x64.ActiveCfg = Debug|Any CPU
		{A6E23FDF-13EE-4A23-89D0-156101DA7C1A}.Debug|x64.Build.0 = Debug|Any CPU
		{A6E23FDF-13EE-4A23-89D0-156101DA7C1A}.Debug|x86.ActiveCfg = Debug|Any CPU
		{A6E23FDF-13EE-4A23-89D0-156101DA7C1A}.Debug|x86.Build.0 = Debug|Any CPU
		{A6E23FDF-13EE-4A23-89D0-156101DA7C1A}.Release|Any CPU.ActiveCfg = Release|Any CPU
		{A6E23FDF-13EE-4A23-89D0-156101DA7C1A}.Release|Any CPU.Build.0 = Release|Any CPU
		{A6E23FDF-13EE-4A23-89D0-156101DA7C1A}.Release|arm64.ActiveCfg = Release|Any CPU
		{A6E23FDF-13EE-4A23-89D0-156101DA7C1A}.Release|arm64.Build.0 = Release|Any CPU
		{A6E23FDF-13EE-4A23-89D0-156101DA7C1A}.Release|x64.ActiveCfg = Release|Any CPU
		{A6E23FDF-13EE-4A23-89D0-156101DA7C1A}.Release|x64.Build.0 = Release|Any CPU
		{A6E23FDF-13EE-4A23-89D0-156101DA7C1A}.Release|x86.ActiveCfg = Release|Any CPU
		{A6E23FDF-13EE-4A23-89D0-156101DA7C1A}.Release|x86.Build.0 = Release|Any CPU
		{8E41C7E7-F45F-4FA4-8877-F2CBBAA5B327}.Debug|Any CPU.ActiveCfg = Debug|Any CPU
		{8E41C7E7-F45F-4FA4-8877-F2CBBAA5B327}.Debug|Any CPU.Build.0 = Debug|Any CPU
		{8E41C7E7-F45F-4FA4-8877-F2CBBAA5B327}.Debug|arm64.ActiveCfg = Debug|Any CPU
		{8E41C7E7-F45F-4FA4-8877-F2CBBAA5B327}.Debug|arm64.Build.0 = Debug|Any CPU
		{8E41C7E7-F45F-4FA4-8877-F2CBBAA5B327}.Debug|x64.ActiveCfg = Debug|Any CPU
		{8E41C7E7-F45F-4FA4-8877-F2CBBAA5B327}.Debug|x64.Build.0 = Debug|Any CPU
		{8E41C7E7-F45F-4FA4-8877-F2CBBAA5B327}.Debug|x86.ActiveCfg = Debug|Any CPU
		{8E41C7E7-F45F-4FA4-8877-F2CBBAA5B327}.Debug|x86.Build.0 = Debug|Any CPU
		{8E41C7E7-F45F-4FA4-8877-F2CBBAA5B327}.Release|Any CPU.ActiveCfg = Release|Any CPU
		{8E41C7E7-F45F-4FA4-8877-F2CBBAA5B327}.Release|Any CPU.Build.0 = Release|Any CPU
		{8E41C7E7-F45F-4FA4-8877-F2CBBAA5B327}.Release|arm64.ActiveCfg = Release|Any CPU
		{8E41C7E7-F45F-4FA4-8877-F2CBBAA5B327}.Release|arm64.Build.0 = Release|Any CPU
		{8E41C7E7-F45F-4FA4-8877-F2CBBAA5B327}.Release|x64.ActiveCfg = Release|Any CPU
		{8E41C7E7-F45F-4FA4-8877-F2CBBAA5B327}.Release|x64.Build.0 = Release|Any CPU
		{8E41C7E7-F45F-4FA4-8877-F2CBBAA5B327}.Release|x86.ActiveCfg = Release|Any CPU
		{8E41C7E7-F45F-4FA4-8877-F2CBBAA5B327}.Release|x86.Build.0 = Release|Any CPU
		{8C8B4920-95F8-445C-8775-719D8E5314B5}.Debug|Any CPU.ActiveCfg = Debug|Any CPU
		{8C8B4920-95F8-445C-8775-719D8E5314B5}.Debug|Any CPU.Build.0 = Debug|Any CPU
		{8C8B4920-95F8-445C-8775-719D8E5314B5}.Debug|arm64.ActiveCfg = Debug|Any CPU
		{8C8B4920-95F8-445C-8775-719D8E5314B5}.Debug|arm64.Build.0 = Debug|Any CPU
		{8C8B4920-95F8-445C-8775-719D8E5314B5}.Debug|x64.ActiveCfg = Debug|Any CPU
		{8C8B4920-95F8-445C-8775-719D8E5314B5}.Debug|x64.Build.0 = Debug|Any CPU
		{8C8B4920-95F8-445C-8775-719D8E5314B5}.Debug|x86.ActiveCfg = Debug|Any CPU
		{8C8B4920-95F8-445C-8775-719D8E5314B5}.Debug|x86.Build.0 = Debug|Any CPU
		{8C8B4920-95F8-445C-8775-719D8E5314B5}.Release|Any CPU.ActiveCfg = Release|Any CPU
		{8C8B4920-95F8-445C-8775-719D8E5314B5}.Release|Any CPU.Build.0 = Release|Any CPU
		{8C8B4920-95F8-445C-8775-719D8E5314B5}.Release|arm64.ActiveCfg = Release|Any CPU
		{8C8B4920-95F8-445C-8775-719D8E5314B5}.Release|arm64.Build.0 = Release|Any CPU
		{8C8B4920-95F8-445C-8775-719D8E5314B5}.Release|x64.ActiveCfg = Release|Any CPU
		{8C8B4920-95F8-445C-8775-719D8E5314B5}.Release|x64.Build.0 = Release|Any CPU
		{8C8B4920-95F8-445C-8775-719D8E5314B5}.Release|x86.ActiveCfg = Release|Any CPU
		{8C8B4920-95F8-445C-8775-719D8E5314B5}.Release|x86.Build.0 = Release|Any CPU
		{2F7F7970-B7D3-4441-8C8D-1E349D135173}.Debug|Any CPU.ActiveCfg = Debug|Any CPU
		{2F7F7970-B7D3-4441-8C8D-1E349D135173}.Debug|Any CPU.Build.0 = Debug|Any CPU
		{2F7F7970-B7D3-4441-8C8D-1E349D135173}.Debug|arm64.ActiveCfg = Debug|Any CPU
		{2F7F7970-B7D3-4441-8C8D-1E349D135173}.Debug|arm64.Build.0 = Debug|Any CPU
		{2F7F7970-B7D3-4441-8C8D-1E349D135173}.Debug|x64.ActiveCfg = Debug|Any CPU
		{2F7F7970-B7D3-4441-8C8D-1E349D135173}.Debug|x64.Build.0 = Debug|Any CPU
		{2F7F7970-B7D3-4441-8C8D-1E349D135173}.Debug|x86.ActiveCfg = Debug|Any CPU
		{2F7F7970-B7D3-4441-8C8D-1E349D135173}.Debug|x86.Build.0 = Debug|Any CPU
		{2F7F7970-B7D3-4441-8C8D-1E349D135173}.Release|Any CPU.ActiveCfg = Release|Any CPU
		{2F7F7970-B7D3-4441-8C8D-1E349D135173}.Release|Any CPU.Build.0 = Release|Any CPU
		{2F7F7970-B7D3-4441-8C8D-1E349D135173}.Release|arm64.ActiveCfg = Release|Any CPU
		{2F7F7970-B7D3-4441-8C8D-1E349D135173}.Release|arm64.Build.0 = Release|Any CPU
		{2F7F7970-B7D3-4441-8C8D-1E349D135173}.Release|x64.ActiveCfg = Release|Any CPU
		{2F7F7970-B7D3-4441-8C8D-1E349D135173}.Release|x64.Build.0 = Release|Any CPU
		{2F7F7970-B7D3-4441-8C8D-1E349D135173}.Release|x86.ActiveCfg = Release|Any CPU
		{2F7F7970-B7D3-4441-8C8D-1E349D135173}.Release|x86.Build.0 = Release|Any CPU
		{A657312A-9192-4240-8F21-203C18D0547E}.Debug|Any CPU.ActiveCfg = Debug|Any CPU
		{A657312A-9192-4240-8F21-203C18D0547E}.Debug|Any CPU.Build.0 = Debug|Any CPU
		{A657312A-9192-4240-8F21-203C18D0547E}.Debug|arm64.ActiveCfg = Debug|Any CPU
		{A657312A-9192-4240-8F21-203C18D0547E}.Debug|arm64.Build.0 = Debug|Any CPU
		{A657312A-9192-4240-8F21-203C18D0547E}.Debug|x64.ActiveCfg = Debug|Any CPU
		{A657312A-9192-4240-8F21-203C18D0547E}.Debug|x64.Build.0 = Debug|Any CPU
		{A657312A-9192-4240-8F21-203C18D0547E}.Debug|x86.ActiveCfg = Debug|Any CPU
		{A657312A-9192-4240-8F21-203C18D0547E}.Debug|x86.Build.0 = Debug|Any CPU
		{A657312A-9192-4240-8F21-203C18D0547E}.Release|Any CPU.ActiveCfg = Release|Any CPU
		{A657312A-9192-4240-8F21-203C18D0547E}.Release|Any CPU.Build.0 = Release|Any CPU
		{A657312A-9192-4240-8F21-203C18D0547E}.Release|arm64.ActiveCfg = Release|Any CPU
		{A657312A-9192-4240-8F21-203C18D0547E}.Release|arm64.Build.0 = Release|Any CPU
		{A657312A-9192-4240-8F21-203C18D0547E}.Release|x64.ActiveCfg = Release|Any CPU
		{A657312A-9192-4240-8F21-203C18D0547E}.Release|x64.Build.0 = Release|Any CPU
		{A657312A-9192-4240-8F21-203C18D0547E}.Release|x86.ActiveCfg = Release|Any CPU
		{A657312A-9192-4240-8F21-203C18D0547E}.Release|x86.Build.0 = Release|Any CPU
		{93BEB97F-ECD8-47C7-AFA5-1DE29B8FD86B}.Debug|Any CPU.ActiveCfg = Debug|Any CPU
		{93BEB97F-ECD8-47C7-AFA5-1DE29B8FD86B}.Debug|Any CPU.Build.0 = Debug|Any CPU
		{93BEB97F-ECD8-47C7-AFA5-1DE29B8FD86B}.Debug|arm64.ActiveCfg = Debug|Any CPU
		{93BEB97F-ECD8-47C7-AFA5-1DE29B8FD86B}.Debug|arm64.Build.0 = Debug|Any CPU
		{93BEB97F-ECD8-47C7-AFA5-1DE29B8FD86B}.Debug|x64.ActiveCfg = Debug|Any CPU
		{93BEB97F-ECD8-47C7-AFA5-1DE29B8FD86B}.Debug|x64.Build.0 = Debug|Any CPU
		{93BEB97F-ECD8-47C7-AFA5-1DE29B8FD86B}.Debug|x86.ActiveCfg = Debug|Any CPU
		{93BEB97F-ECD8-47C7-AFA5-1DE29B8FD86B}.Debug|x86.Build.0 = Debug|Any CPU
		{93BEB97F-ECD8-47C7-AFA5-1DE29B8FD86B}.Release|Any CPU.ActiveCfg = Release|Any CPU
		{93BEB97F-ECD8-47C7-AFA5-1DE29B8FD86B}.Release|Any CPU.Build.0 = Release|Any CPU
		{93BEB97F-ECD8-47C7-AFA5-1DE29B8FD86B}.Release|arm64.ActiveCfg = Release|Any CPU
		{93BEB97F-ECD8-47C7-AFA5-1DE29B8FD86B}.Release|arm64.Build.0 = Release|Any CPU
		{93BEB97F-ECD8-47C7-AFA5-1DE29B8FD86B}.Release|x64.ActiveCfg = Release|Any CPU
		{93BEB97F-ECD8-47C7-AFA5-1DE29B8FD86B}.Release|x64.Build.0 = Release|Any CPU
		{93BEB97F-ECD8-47C7-AFA5-1DE29B8FD86B}.Release|x86.ActiveCfg = Release|Any CPU
		{93BEB97F-ECD8-47C7-AFA5-1DE29B8FD86B}.Release|x86.Build.0 = Release|Any CPU
		{694705F9-AF61-4C39-9C7F-0C1295350E65}.Debug|Any CPU.ActiveCfg = Debug|Any CPU
		{694705F9-AF61-4C39-9C7F-0C1295350E65}.Debug|Any CPU.Build.0 = Debug|Any CPU
		{694705F9-AF61-4C39-9C7F-0C1295350E65}.Debug|arm64.ActiveCfg = Debug|Any CPU
		{694705F9-AF61-4C39-9C7F-0C1295350E65}.Debug|arm64.Build.0 = Debug|Any CPU
		{694705F9-AF61-4C39-9C7F-0C1295350E65}.Debug|x64.ActiveCfg = Debug|Any CPU
		{694705F9-AF61-4C39-9C7F-0C1295350E65}.Debug|x64.Build.0 = Debug|Any CPU
		{694705F9-AF61-4C39-9C7F-0C1295350E65}.Debug|x86.ActiveCfg = Debug|Any CPU
		{694705F9-AF61-4C39-9C7F-0C1295350E65}.Debug|x86.Build.0 = Debug|Any CPU
		{694705F9-AF61-4C39-9C7F-0C1295350E65}.Release|Any CPU.ActiveCfg = Release|Any CPU
		{694705F9-AF61-4C39-9C7F-0C1295350E65}.Release|Any CPU.Build.0 = Release|Any CPU
		{694705F9-AF61-4C39-9C7F-0C1295350E65}.Release|arm64.ActiveCfg = Release|Any CPU
		{694705F9-AF61-4C39-9C7F-0C1295350E65}.Release|arm64.Build.0 = Release|Any CPU
		{694705F9-AF61-4C39-9C7F-0C1295350E65}.Release|x64.ActiveCfg = Release|Any CPU
		{694705F9-AF61-4C39-9C7F-0C1295350E65}.Release|x64.Build.0 = Release|Any CPU
		{694705F9-AF61-4C39-9C7F-0C1295350E65}.Release|x86.ActiveCfg = Release|Any CPU
		{694705F9-AF61-4C39-9C7F-0C1295350E65}.Release|x86.Build.0 = Release|Any CPU
		{D3025913-0EF0-465E-8ECF-E29E46A96CFB}.Debug|Any CPU.ActiveCfg = Debug|Any CPU
		{D3025913-0EF0-465E-8ECF-E29E46A96CFB}.Debug|Any CPU.Build.0 = Debug|Any CPU
		{D3025913-0EF0-465E-8ECF-E29E46A96CFB}.Debug|arm64.ActiveCfg = Debug|Any CPU
		{D3025913-0EF0-465E-8ECF-E29E46A96CFB}.Debug|arm64.Build.0 = Debug|Any CPU
		{D3025913-0EF0-465E-8ECF-E29E46A96CFB}.Debug|x64.ActiveCfg = Debug|Any CPU
		{D3025913-0EF0-465E-8ECF-E29E46A96CFB}.Debug|x64.Build.0 = Debug|Any CPU
		{D3025913-0EF0-465E-8ECF-E29E46A96CFB}.Debug|x86.ActiveCfg = Debug|Any CPU
		{D3025913-0EF0-465E-8ECF-E29E46A96CFB}.Debug|x86.Build.0 = Debug|Any CPU
		{D3025913-0EF0-465E-8ECF-E29E46A96CFB}.Release|Any CPU.ActiveCfg = Release|Any CPU
		{D3025913-0EF0-465E-8ECF-E29E46A96CFB}.Release|Any CPU.Build.0 = Release|Any CPU
		{D3025913-0EF0-465E-8ECF-E29E46A96CFB}.Release|arm64.ActiveCfg = Release|Any CPU
		{D3025913-0EF0-465E-8ECF-E29E46A96CFB}.Release|arm64.Build.0 = Release|Any CPU
		{D3025913-0EF0-465E-8ECF-E29E46A96CFB}.Release|x64.ActiveCfg = Release|Any CPU
		{D3025913-0EF0-465E-8ECF-E29E46A96CFB}.Release|x64.Build.0 = Release|Any CPU
		{D3025913-0EF0-465E-8ECF-E29E46A96CFB}.Release|x86.ActiveCfg = Release|Any CPU
		{D3025913-0EF0-465E-8ECF-E29E46A96CFB}.Release|x86.Build.0 = Release|Any CPU
		{B3EF9223-4233-4055-80A4-86B4EDB82B0A}.Debug|Any CPU.ActiveCfg = Debug|Any CPU
		{B3EF9223-4233-4055-80A4-86B4EDB82B0A}.Debug|Any CPU.Build.0 = Debug|Any CPU
		{B3EF9223-4233-4055-80A4-86B4EDB82B0A}.Debug|arm64.ActiveCfg = Debug|Any CPU
		{B3EF9223-4233-4055-80A4-86B4EDB82B0A}.Debug|arm64.Build.0 = Debug|Any CPU
		{B3EF9223-4233-4055-80A4-86B4EDB82B0A}.Debug|x64.ActiveCfg = Debug|Any CPU
		{B3EF9223-4233-4055-80A4-86B4EDB82B0A}.Debug|x64.Build.0 = Debug|Any CPU
		{B3EF9223-4233-4055-80A4-86B4EDB82B0A}.Debug|x86.ActiveCfg = Debug|Any CPU
		{B3EF9223-4233-4055-80A4-86B4EDB82B0A}.Debug|x86.Build.0 = Debug|Any CPU
		{B3EF9223-4233-4055-80A4-86B4EDB82B0A}.Release|Any CPU.ActiveCfg = Release|Any CPU
		{B3EF9223-4233-4055-80A4-86B4EDB82B0A}.Release|Any CPU.Build.0 = Release|Any CPU
		{B3EF9223-4233-4055-80A4-86B4EDB82B0A}.Release|arm64.ActiveCfg = Release|Any CPU
		{B3EF9223-4233-4055-80A4-86B4EDB82B0A}.Release|arm64.Build.0 = Release|Any CPU
		{B3EF9223-4233-4055-80A4-86B4EDB82B0A}.Release|x64.ActiveCfg = Release|Any CPU
		{B3EF9223-4233-4055-80A4-86B4EDB82B0A}.Release|x64.Build.0 = Release|Any CPU
		{B3EF9223-4233-4055-80A4-86B4EDB82B0A}.Release|x86.ActiveCfg = Release|Any CPU
		{B3EF9223-4233-4055-80A4-86B4EDB82B0A}.Release|x86.Build.0 = Release|Any CPU
		{5B9BF99B-FA62-45FD-9E67-C4AB34C33FCE}.Debug|Any CPU.ActiveCfg = Debug|Any CPU
		{5B9BF99B-FA62-45FD-9E67-C4AB34C33FCE}.Debug|Any CPU.Build.0 = Debug|Any CPU
		{5B9BF99B-FA62-45FD-9E67-C4AB34C33FCE}.Debug|arm64.ActiveCfg = Debug|Any CPU
		{5B9BF99B-FA62-45FD-9E67-C4AB34C33FCE}.Debug|arm64.Build.0 = Debug|Any CPU
		{5B9BF99B-FA62-45FD-9E67-C4AB34C33FCE}.Debug|x64.ActiveCfg = Debug|Any CPU
		{5B9BF99B-FA62-45FD-9E67-C4AB34C33FCE}.Debug|x64.Build.0 = Debug|Any CPU
		{5B9BF99B-FA62-45FD-9E67-C4AB34C33FCE}.Debug|x86.ActiveCfg = Debug|Any CPU
		{5B9BF99B-FA62-45FD-9E67-C4AB34C33FCE}.Debug|x86.Build.0 = Debug|Any CPU
		{5B9BF99B-FA62-45FD-9E67-C4AB34C33FCE}.Release|Any CPU.ActiveCfg = Release|Any CPU
		{5B9BF99B-FA62-45FD-9E67-C4AB34C33FCE}.Release|Any CPU.Build.0 = Release|Any CPU
		{5B9BF99B-FA62-45FD-9E67-C4AB34C33FCE}.Release|arm64.ActiveCfg = Release|Any CPU
		{5B9BF99B-FA62-45FD-9E67-C4AB34C33FCE}.Release|arm64.Build.0 = Release|Any CPU
		{5B9BF99B-FA62-45FD-9E67-C4AB34C33FCE}.Release|x64.ActiveCfg = Release|Any CPU
		{5B9BF99B-FA62-45FD-9E67-C4AB34C33FCE}.Release|x64.Build.0 = Release|Any CPU
		{5B9BF99B-FA62-45FD-9E67-C4AB34C33FCE}.Release|x86.ActiveCfg = Release|Any CPU
		{5B9BF99B-FA62-45FD-9E67-C4AB34C33FCE}.Release|x86.Build.0 = Release|Any CPU
		{95FD919B-9467-4345-8750-B7FEA7E99ED2}.Debug|Any CPU.ActiveCfg = Debug|Any CPU
		{95FD919B-9467-4345-8750-B7FEA7E99ED2}.Debug|Any CPU.Build.0 = Debug|Any CPU
		{95FD919B-9467-4345-8750-B7FEA7E99ED2}.Debug|arm64.ActiveCfg = Debug|Any CPU
		{95FD919B-9467-4345-8750-B7FEA7E99ED2}.Debug|arm64.Build.0 = Debug|Any CPU
		{95FD919B-9467-4345-8750-B7FEA7E99ED2}.Debug|x64.ActiveCfg = Debug|Any CPU
		{95FD919B-9467-4345-8750-B7FEA7E99ED2}.Debug|x64.Build.0 = Debug|Any CPU
		{95FD919B-9467-4345-8750-B7FEA7E99ED2}.Debug|x86.ActiveCfg = Debug|Any CPU
		{95FD919B-9467-4345-8750-B7FEA7E99ED2}.Debug|x86.Build.0 = Debug|Any CPU
		{95FD919B-9467-4345-8750-B7FEA7E99ED2}.Release|Any CPU.ActiveCfg = Release|Any CPU
		{95FD919B-9467-4345-8750-B7FEA7E99ED2}.Release|Any CPU.Build.0 = Release|Any CPU
		{95FD919B-9467-4345-8750-B7FEA7E99ED2}.Release|arm64.ActiveCfg = Release|Any CPU
		{95FD919B-9467-4345-8750-B7FEA7E99ED2}.Release|arm64.Build.0 = Release|Any CPU
		{95FD919B-9467-4345-8750-B7FEA7E99ED2}.Release|x64.ActiveCfg = Release|Any CPU
		{95FD919B-9467-4345-8750-B7FEA7E99ED2}.Release|x64.Build.0 = Release|Any CPU
		{95FD919B-9467-4345-8750-B7FEA7E99ED2}.Release|x86.ActiveCfg = Release|Any CPU
		{95FD919B-9467-4345-8750-B7FEA7E99ED2}.Release|x86.Build.0 = Release|Any CPU
		{8F8A1E83-6926-41EB-9C44-753F043AA4AC}.Debug|Any CPU.ActiveCfg = Debug|Any CPU
		{8F8A1E83-6926-41EB-9C44-753F043AA4AC}.Debug|Any CPU.Build.0 = Debug|Any CPU
		{8F8A1E83-6926-41EB-9C44-753F043AA4AC}.Debug|arm64.ActiveCfg = Debug|Any CPU
		{8F8A1E83-6926-41EB-9C44-753F043AA4AC}.Debug|arm64.Build.0 = Debug|Any CPU
		{8F8A1E83-6926-41EB-9C44-753F043AA4AC}.Debug|x64.ActiveCfg = Debug|Any CPU
		{8F8A1E83-6926-41EB-9C44-753F043AA4AC}.Debug|x64.Build.0 = Debug|Any CPU
		{8F8A1E83-6926-41EB-9C44-753F043AA4AC}.Debug|x86.ActiveCfg = Debug|Any CPU
		{8F8A1E83-6926-41EB-9C44-753F043AA4AC}.Debug|x86.Build.0 = Debug|Any CPU
		{8F8A1E83-6926-41EB-9C44-753F043AA4AC}.Release|Any CPU.ActiveCfg = Release|Any CPU
		{8F8A1E83-6926-41EB-9C44-753F043AA4AC}.Release|Any CPU.Build.0 = Release|Any CPU
		{8F8A1E83-6926-41EB-9C44-753F043AA4AC}.Release|arm64.ActiveCfg = Release|Any CPU
		{8F8A1E83-6926-41EB-9C44-753F043AA4AC}.Release|arm64.Build.0 = Release|Any CPU
		{8F8A1E83-6926-41EB-9C44-753F043AA4AC}.Release|x64.ActiveCfg = Release|Any CPU
		{8F8A1E83-6926-41EB-9C44-753F043AA4AC}.Release|x64.Build.0 = Release|Any CPU
		{8F8A1E83-6926-41EB-9C44-753F043AA4AC}.Release|x86.ActiveCfg = Release|Any CPU
		{8F8A1E83-6926-41EB-9C44-753F043AA4AC}.Release|x86.Build.0 = Release|Any CPU
		{78194F9F-F2F5-4516-8556-F1D17A136618}.Debug|Any CPU.ActiveCfg = Debug|Any CPU
		{78194F9F-F2F5-4516-8556-F1D17A136618}.Debug|Any CPU.Build.0 = Debug|Any CPU
		{78194F9F-F2F5-4516-8556-F1D17A136618}.Debug|arm64.ActiveCfg = Debug|Any CPU
		{78194F9F-F2F5-4516-8556-F1D17A136618}.Debug|arm64.Build.0 = Debug|Any CPU
		{78194F9F-F2F5-4516-8556-F1D17A136618}.Debug|x64.ActiveCfg = Debug|Any CPU
		{78194F9F-F2F5-4516-8556-F1D17A136618}.Debug|x64.Build.0 = Debug|Any CPU
		{78194F9F-F2F5-4516-8556-F1D17A136618}.Debug|x86.ActiveCfg = Debug|Any CPU
		{78194F9F-F2F5-4516-8556-F1D17A136618}.Debug|x86.Build.0 = Debug|Any CPU
		{78194F9F-F2F5-4516-8556-F1D17A136618}.Release|Any CPU.ActiveCfg = Release|Any CPU
		{78194F9F-F2F5-4516-8556-F1D17A136618}.Release|Any CPU.Build.0 = Release|Any CPU
		{78194F9F-F2F5-4516-8556-F1D17A136618}.Release|arm64.ActiveCfg = Release|Any CPU
		{78194F9F-F2F5-4516-8556-F1D17A136618}.Release|arm64.Build.0 = Release|Any CPU
		{78194F9F-F2F5-4516-8556-F1D17A136618}.Release|x64.ActiveCfg = Release|Any CPU
		{78194F9F-F2F5-4516-8556-F1D17A136618}.Release|x64.Build.0 = Release|Any CPU
		{78194F9F-F2F5-4516-8556-F1D17A136618}.Release|x86.ActiveCfg = Release|Any CPU
		{78194F9F-F2F5-4516-8556-F1D17A136618}.Release|x86.Build.0 = Release|Any CPU
		{D80ECE92-E8C0-4DE2-B383-657B038C0D76}.Debug|Any CPU.ActiveCfg = Debug|x64
		{D80ECE92-E8C0-4DE2-B383-657B038C0D76}.Debug|Any CPU.Build.0 = Debug|x64
		{D80ECE92-E8C0-4DE2-B383-657B038C0D76}.Debug|Any CPU.Deploy.0 = Debug|x64
		{D80ECE92-E8C0-4DE2-B383-657B038C0D76}.Debug|arm64.ActiveCfg = Debug|arm64
		{D80ECE92-E8C0-4DE2-B383-657B038C0D76}.Debug|arm64.Build.0 = Debug|arm64
		{D80ECE92-E8C0-4DE2-B383-657B038C0D76}.Debug|arm64.Deploy.0 = Debug|arm64
		{D80ECE92-E8C0-4DE2-B383-657B038C0D76}.Debug|x64.ActiveCfg = Debug|x64
		{D80ECE92-E8C0-4DE2-B383-657B038C0D76}.Debug|x64.Build.0 = Debug|x64
		{D80ECE92-E8C0-4DE2-B383-657B038C0D76}.Debug|x64.Deploy.0 = Debug|x64
		{D80ECE92-E8C0-4DE2-B383-657B038C0D76}.Debug|x86.ActiveCfg = Debug|x86
		{D80ECE92-E8C0-4DE2-B383-657B038C0D76}.Debug|x86.Build.0 = Debug|x86
		{D80ECE92-E8C0-4DE2-B383-657B038C0D76}.Debug|x86.Deploy.0 = Debug|x86
		{D80ECE92-E8C0-4DE2-B383-657B038C0D76}.Release|Any CPU.ActiveCfg = Release|x64
		{D80ECE92-E8C0-4DE2-B383-657B038C0D76}.Release|Any CPU.Build.0 = Release|x64
		{D80ECE92-E8C0-4DE2-B383-657B038C0D76}.Release|Any CPU.Deploy.0 = Release|x64
		{D80ECE92-E8C0-4DE2-B383-657B038C0D76}.Release|arm64.ActiveCfg = Release|arm64
		{D80ECE92-E8C0-4DE2-B383-657B038C0D76}.Release|arm64.Build.0 = Release|arm64
		{D80ECE92-E8C0-4DE2-B383-657B038C0D76}.Release|arm64.Deploy.0 = Release|arm64
		{D80ECE92-E8C0-4DE2-B383-657B038C0D76}.Release|x64.ActiveCfg = Release|x64
		{D80ECE92-E8C0-4DE2-B383-657B038C0D76}.Release|x64.Build.0 = Release|x64
		{D80ECE92-E8C0-4DE2-B383-657B038C0D76}.Release|x64.Deploy.0 = Release|x64
		{D80ECE92-E8C0-4DE2-B383-657B038C0D76}.Release|x86.ActiveCfg = Release|x86
		{D80ECE92-E8C0-4DE2-B383-657B038C0D76}.Release|x86.Build.0 = Release|x86
		{D80ECE92-E8C0-4DE2-B383-657B038C0D76}.Release|x86.Deploy.0 = Release|x86
		{6E821E1C-484D-4C17-BB47-9F99D207F82E}.Debug|Any CPU.ActiveCfg = Debug|Any CPU
		{6E821E1C-484D-4C17-BB47-9F99D207F82E}.Debug|Any CPU.Build.0 = Debug|Any CPU
		{6E821E1C-484D-4C17-BB47-9F99D207F82E}.Debug|arm64.ActiveCfg = Debug|arm64
		{6E821E1C-484D-4C17-BB47-9F99D207F82E}.Debug|arm64.Build.0 = Debug|arm64
		{6E821E1C-484D-4C17-BB47-9F99D207F82E}.Debug|x64.ActiveCfg = Debug|x64
		{6E821E1C-484D-4C17-BB47-9F99D207F82E}.Debug|x64.Build.0 = Debug|x64
		{6E821E1C-484D-4C17-BB47-9F99D207F82E}.Debug|x86.ActiveCfg = Debug|x86
		{6E821E1C-484D-4C17-BB47-9F99D207F82E}.Debug|x86.Build.0 = Debug|x86
		{6E821E1C-484D-4C17-BB47-9F99D207F82E}.Release|Any CPU.ActiveCfg = Release|Any CPU
		{6E821E1C-484D-4C17-BB47-9F99D207F82E}.Release|Any CPU.Build.0 = Release|Any CPU
		{6E821E1C-484D-4C17-BB47-9F99D207F82E}.Release|arm64.ActiveCfg = Release|arm64
		{6E821E1C-484D-4C17-BB47-9F99D207F82E}.Release|arm64.Build.0 = Release|arm64
		{6E821E1C-484D-4C17-BB47-9F99D207F82E}.Release|x64.ActiveCfg = Release|x64
		{6E821E1C-484D-4C17-BB47-9F99D207F82E}.Release|x64.Build.0 = Release|x64
		{6E821E1C-484D-4C17-BB47-9F99D207F82E}.Release|x86.ActiveCfg = Release|x86
		{6E821E1C-484D-4C17-BB47-9F99D207F82E}.Release|x86.Build.0 = Release|x86
		{7C4AC51B-1583-4A0E-9606-EEB48A228565}.Debug|Any CPU.ActiveCfg = Debug|x64
		{7C4AC51B-1583-4A0E-9606-EEB48A228565}.Debug|Any CPU.Build.0 = Debug|x64
		{7C4AC51B-1583-4A0E-9606-EEB48A228565}.Debug|arm64.ActiveCfg = Debug|arm64
		{7C4AC51B-1583-4A0E-9606-EEB48A228565}.Debug|arm64.Build.0 = Debug|arm64
		{7C4AC51B-1583-4A0E-9606-EEB48A228565}.Debug|x64.ActiveCfg = Debug|x64
		{7C4AC51B-1583-4A0E-9606-EEB48A228565}.Debug|x64.Build.0 = Debug|x64
		{7C4AC51B-1583-4A0E-9606-EEB48A228565}.Debug|x86.ActiveCfg = Debug|x86
		{7C4AC51B-1583-4A0E-9606-EEB48A228565}.Debug|x86.Build.0 = Debug|x86
		{7C4AC51B-1583-4A0E-9606-EEB48A228565}.Release|Any CPU.ActiveCfg = Release|x64
		{7C4AC51B-1583-4A0E-9606-EEB48A228565}.Release|Any CPU.Build.0 = Release|x64
		{7C4AC51B-1583-4A0E-9606-EEB48A228565}.Release|arm64.ActiveCfg = Release|arm64
		{7C4AC51B-1583-4A0E-9606-EEB48A228565}.Release|arm64.Build.0 = Release|arm64
		{7C4AC51B-1583-4A0E-9606-EEB48A228565}.Release|x64.ActiveCfg = Release|x64
		{7C4AC51B-1583-4A0E-9606-EEB48A228565}.Release|x64.Build.0 = Release|x64
		{7C4AC51B-1583-4A0E-9606-EEB48A228565}.Release|x86.ActiveCfg = Release|x86
		{7C4AC51B-1583-4A0E-9606-EEB48A228565}.Release|x86.Build.0 = Release|x86
		{F58EE345-C837-4C1E-A4FA-6E8FD9ED10B8}.Debug|Any CPU.ActiveCfg = Debug|Any CPU
		{F58EE345-C837-4C1E-A4FA-6E8FD9ED10B8}.Debug|Any CPU.Build.0 = Debug|Any CPU
		{F58EE345-C837-4C1E-A4FA-6E8FD9ED10B8}.Debug|arm64.ActiveCfg = Debug|Any CPU
		{F58EE345-C837-4C1E-A4FA-6E8FD9ED10B8}.Debug|arm64.Build.0 = Debug|Any CPU
		{F58EE345-C837-4C1E-A4FA-6E8FD9ED10B8}.Debug|x64.ActiveCfg = Debug|Any CPU
		{F58EE345-C837-4C1E-A4FA-6E8FD9ED10B8}.Debug|x64.Build.0 = Debug|Any CPU
		{F58EE345-C837-4C1E-A4FA-6E8FD9ED10B8}.Debug|x86.ActiveCfg = Debug|Any CPU
		{F58EE345-C837-4C1E-A4FA-6E8FD9ED10B8}.Debug|x86.Build.0 = Debug|Any CPU
		{F58EE345-C837-4C1E-A4FA-6E8FD9ED10B8}.Release|Any CPU.ActiveCfg = Release|Any CPU
		{F58EE345-C837-4C1E-A4FA-6E8FD9ED10B8}.Release|Any CPU.Build.0 = Release|Any CPU
		{F58EE345-C837-4C1E-A4FA-6E8FD9ED10B8}.Release|arm64.ActiveCfg = Release|Any CPU
		{F58EE345-C837-4C1E-A4FA-6E8FD9ED10B8}.Release|arm64.Build.0 = Release|Any CPU
		{F58EE345-C837-4C1E-A4FA-6E8FD9ED10B8}.Release|x64.ActiveCfg = Release|Any CPU
		{F58EE345-C837-4C1E-A4FA-6E8FD9ED10B8}.Release|x64.Build.0 = Release|Any CPU
		{F58EE345-C837-4C1E-A4FA-6E8FD9ED10B8}.Release|x86.ActiveCfg = Release|Any CPU
		{F58EE345-C837-4C1E-A4FA-6E8FD9ED10B8}.Release|x86.Build.0 = Release|Any CPU
	EndGlobalSection
	GlobalSection(SolutionProperties) = preSolution
		HideSolutionNode = FALSE
	EndGlobalSection
	GlobalSection(ExtensibilityGlobals) = postSolution
		SolutionGuid = {AF54FC6E-4340-4C57-8FB5-BFE4FB2577BF}
	EndGlobalSection
EndGlobal
