
Microsoft Visual Studio Solution File, Format Version 12.00
# Visual Studio Version 16
VisualStudioVersion = 16.0.31025.218
MinimumVisualStudioVersion = 10.0.40219.1
Project("{9A19103F-16F7-4668-BE54-9A1E7A4F7556}") = "SimulationInsight.MathLibrary", "SimulationInsight.MathLibrary\SimulationInsight.MathLibrary.csproj", "{3C25821F-8341-4C79-80A7-5661B9C3ABE4}"
EndProject
Project("{9A19103F-16F7-4668-BE54-9A1E7A4F7556}") = "SimulationInsight.MathLibrary.Tests", "SimulationInsight.MathLibrary.Tests\SimulationInsight.MathLibrary.Tests.csproj", "{5AA0B0B9-B7C7-485C-9D35-1E7407ED92F5}"
EndProject
Project("{9A19103F-16F7-4668-BE54-9A1E7A4F7556}") = "SimulationInsight.ScenarioGenerator", "SimulationInsight.ScenarioGenerator\SimulationInsight.ScenarioGenerator.csproj", "{3156798F-C89B-46E0-B0DF-43E23665944A}"
EndProject
Project("{9A19103F-16F7-4668-BE54-9A1E7A4F7556}") = "SimulationInsight.ESMLibrary", "SimulationInsight.ESMLibrary\SimulationInsight.ESMLibrary.csproj", "{F771D3AD-C56F-4908-B68E-2056C27731CF}"
EndProject
Project("{9A19103F-16F7-4668-BE54-9A1E7A4F7556}") = "SimulationInsight.ESMLibrary.Tests", "SimulationInsight.ESMLibrary.Tests\SimulationInsight.ESMLibrary.Tests.csproj", "{933B11ED-9AA7-46DF-AE77-2E1C38E58693}"
EndProject
Project("{9A19103F-16F7-4668-BE54-9A1E7A4F7556}") = "SimulationInsight.ESMPulseDescriptorGenerator", "SimulationInsight.ESMPulseDescriptorGenerator\SimulationInsight.ESMPulseDescriptorGenerator.csproj", "{00CD83F2-A530-4816-A6C5-200EDEC5BF32}"
EndProject
Project("{9A19103F-16F7-4668-BE54-9A1E7A4F7556}") = "SimulationInsight.ESMPulseDescriptorGenerator.Tests", "SimulationInsight.ESMPulseDescriptorGenerator.Tests\SimulationInsight.ESMPulseDescriptorGenerator.Tests.csproj", "{349A3DA2-F62E-4842-B957-FDA2F60277C9}"
EndProject
Project("{9A19103F-16F7-4668-BE54-9A1E7A4F7556}") = "SimulationInsight.Core", "SimulationInsight.Core\SimulationInsight.Core.csproj", "{760F14CF-24A0-467C-85AF-2FD50D9E8F37}"
EndProject
Project("{9A19103F-16F7-4668-BE54-9A1E7A4F7556}") = "SimulationInsight.ESMPulseDescriptorGenerator.Console", "SimulationInsight.ESMPulseDescriptorGenerator.Console\SimulationInsight.ESMPulseDescriptorGenerator.Console.csproj", "{772865CF-5E7D-4C06-A31F-E70F0E15D745}"
EndProject
Project("{9A19103F-16F7-4668-BE54-9A1E7A4F7556}") = "SimulationInsight.RadarLibrary", "SimulationInsight.RadarLibrary\SimulationInsight.RadarLibrary.csproj", "{BA9DFA7B-6FD9-4A6F-B09D-CAFB2CFC74D0}"
EndProject
Project("{9A19103F-16F7-4668-BE54-9A1E7A4F7556}") = "SimulationInsight.SimdisLibrary", "SimulationInsight.SimdisLibrary\SimulationInsight.SimdisLibrary.csproj", "{14FED407-C69B-48D6-815E-EA5EA3E88095}"
EndProject
Project("{9A19103F-16F7-4668-BE54-9A1E7A4F7556}") = "SimulationInsight.SimdisLibrary.Tests", "SimulationInsight.SimdisLibrary.Tests\SimulationInsight.SimdisLibrary.Tests.csproj", "{6BD9E2A1-7338-46EB-97E3-F8966A08E27E}"
EndProject
Project("{9A19103F-16F7-4668-BE54-9A1E7A4F7556}") = "SimulationInsight.RtsaLibrary", "SimulationInsight.RtsaLibrary\SimulationInsight.RtsaLibrary.csproj", "{5D9AE202-5C5D-4FDD-BF57-F05215459076}"
EndProject
Project("{9A19103F-16F7-4668-BE54-9A1E7A4F7556}") = "SimulationInsight.RtsaLibrary.Tests", "SimulationInsight.RtsaLibrary.Tests\SimulationInsight.RtsaLibrary.Tests.csproj", "{A1A1EF69-8921-4125-9FB9-76E76A9931E8}"
EndProject
Project("{9A19103F-16F7-4668-BE54-9A1E7A4F7556}") = "SimulationInsight.ESMTrackGenerator", "SimulationInsight.ESMTrackGenerator\SimulationInsight.ESMTrackGenerator.csproj", "{E467124F-D0F0-4DD5-93EF-8648E679994E}"
EndProject
Project("{9A19103F-16F7-4668-BE54-9A1E7A4F7556}") = "SimulationInsight.ESMTrackGenerator.Tests", "SimulationInsight.ESMTrackGenerator.Tests\SimulationInsight.ESMTrackGenerator.Tests.csproj", "{CEE101E1-D78E-47C1-8D8F-9E59A99B3B8C}"
EndProject
Project("{C7167F0D-BC9F-4E6E-AFE1-012C56B48DB5}") = "SimulationInsight.ESMDataViewer (Package)", "SimulationInsight.ESMDataViewer (Package)\SimulationInsight.ESMDataViewer (Package).wapproj", "{C3B21347-440B-41AD-9097-5878AE4C3688}"
EndProject
Project("{9A19103F-16F7-4668-BE54-9A1E7A4F7556}") = "SimulationInsight.ESMDataViewer", "SimulationInsight.ESMDataViewer\SimulationInsight.ESMDataViewer.csproj", "{9BF39256-0F79-49C9-8FB8-F2100DCB5B68}"
EndProject
Project("{9A19103F-16F7-4668-BE54-9A1E7A4F7556}") = "SimulationInsight.ESMDataViewer.Core", "SimulationInsight.ESMDataViewer.Core\SimulationInsight.ESMDataViewer.Core.csproj", "{88EEEF79-1526-4A3C-92ED-850EBB5E8EF9}"
EndProject
Global
	GlobalSection(SolutionConfigurationPlatforms) = preSolution
		Debug|Any CPU = Debug|Any CPU
		Debug|arm64 = Debug|arm64
		Debug|x64 = Debug|x64
		Debug|x86 = Debug|x86
		Release|Any CPU = Release|Any CPU
		Release|arm64 = Release|arm64
		Release|x64 = Release|x64
		Release|x86 = Release|x86
	EndGlobalSection
	GlobalSection(ProjectConfigurationPlatforms) = postSolution
		{3C25821F-8341-4C79-80A7-5661B9C3ABE4}.Debug|Any CPU.ActiveCfg = Debug|Any CPU
		{3C25821F-8341-4C79-80A7-5661B9C3ABE4}.Debug|Any CPU.Build.0 = Debug|Any CPU
		{3C25821F-8341-4C79-80A7-5661B9C3ABE4}.Debug|arm64.ActiveCfg = Debug|Any CPU
		{3C25821F-8341-4C79-80A7-5661B9C3ABE4}.Debug|arm64.Build.0 = Debug|Any CPU
		{3C25821F-8341-4C79-80A7-5661B9C3ABE4}.Debug|x64.ActiveCfg = Debug|Any CPU
		{3C25821F-8341-4C79-80A7-5661B9C3ABE4}.Debug|x64.Build.0 = Debug|Any CPU
		{3C25821F-8341-4C79-80A7-5661B9C3ABE4}.Debug|x86.ActiveCfg = Debug|Any CPU
		{3C25821F-8341-4C79-80A7-5661B9C3ABE4}.Debug|x86.Build.0 = Debug|Any CPU
		{3C25821F-8341-4C79-80A7-5661B9C3ABE4}.Release|Any CPU.ActiveCfg = Release|Any CPU
		{3C25821F-8341-4C79-80A7-5661B9C3ABE4}.Release|Any CPU.Build.0 = Release|Any CPU
		{3C25821F-8341-4C79-80A7-5661B9C3ABE4}.Release|arm64.ActiveCfg = Release|Any CPU
		{3C25821F-8341-4C79-80A7-5661B9C3ABE4}.Release|arm64.Build.0 = Release|Any CPU
		{3C25821F-8341-4C79-80A7-5661B9C3ABE4}.Release|x64.ActiveCfg = Release|Any CPU
		{3C25821F-8341-4C79-80A7-5661B9C3ABE4}.Release|x64.Build.0 = Release|Any CPU
		{3C25821F-8341-4C79-80A7-5661B9C3ABE4}.Release|x86.ActiveCfg = Release|Any CPU
		{3C25821F-8341-4C79-80A7-5661B9C3ABE4}.Release|x86.Build.0 = Release|Any CPU
		{5AA0B0B9-B7C7-485C-9D35-1E7407ED92F5}.Debug|Any CPU.ActiveCfg = Debug|Any CPU
		{5AA0B0B9-B7C7-485C-9D35-1E7407ED92F5}.Debug|Any CPU.Build.0 = Debug|Any CPU
		{5AA0B0B9-B7C7-485C-9D35-1E7407ED92F5}.Debug|arm64.ActiveCfg = Debug|Any CPU
		{5AA0B0B9-B7C7-485C-9D35-1E7407ED92F5}.Debug|arm64.Build.0 = Debug|Any CPU
		{5AA0B0B9-B7C7-485C-9D35-1E7407ED92F5}.Debug|x64.ActiveCfg = Debug|Any CPU
		{5AA0B0B9-B7C7-485C-9D35-1E7407ED92F5}.Debug|x64.Build.0 = Debug|Any CPU
		{5AA0B0B9-B7C7-485C-9D35-1E7407ED92F5}.Debug|x86.ActiveCfg = Debug|Any CPU
		{5AA0B0B9-B7C7-485C-9D35-1E7407ED92F5}.Debug|x86.Build.0 = Debug|Any CPU
		{5AA0B0B9-B7C7-485C-9D35-1E7407ED92F5}.Release|Any CPU.ActiveCfg = Release|Any CPU
		{5AA0B0B9-B7C7-485C-9D35-1E7407ED92F5}.Release|Any CPU.Build.0 = Release|Any CPU
		{5AA0B0B9-B7C7-485C-9D35-1E7407ED92F5}.Release|arm64.ActiveCfg = Release|Any CPU
		{5AA0B0B9-B7C7-485C-9D35-1E7407ED92F5}.Release|arm64.Build.0 = Release|Any CPU
		{5AA0B0B9-B7C7-485C-9D35-1E7407ED92F5}.Release|x64.ActiveCfg = Release|Any CPU
		{5AA0B0B9-B7C7-485C-9D35-1E7407ED92F5}.Release|x64.Build.0 = Release|Any CPU
		{5AA0B0B9-B7C7-485C-9D35-1E7407ED92F5}.Release|x86.ActiveCfg = Release|Any CPU
		{5AA0B0B9-B7C7-485C-9D35-1E7407ED92F5}.Release|x86.Build.0 = Release|Any CPU
		{3156798F-C89B-46E0-B0DF-43E23665944A}.Debug|Any CPU.ActiveCfg = Debug|Any CPU
		{3156798F-C89B-46E0-B0DF-43E23665944A}.Debug|Any CPU.Build.0 = Debug|Any CPU
		{3156798F-C89B-46E0-B0DF-43E23665944A}.Debug|arm64.ActiveCfg = Debug|Any CPU
		{3156798F-C89B-46E0-B0DF-43E23665944A}.Debug|arm64.Build.0 = Debug|Any CPU
		{3156798F-C89B-46E0-B0DF-43E23665944A}.Debug|x64.ActiveCfg = Debug|Any CPU
		{3156798F-C89B-46E0-B0DF-43E23665944A}.Debug|x64.Build.0 = Debug|Any CPU
		{3156798F-C89B-46E0-B0DF-43E23665944A}.Debug|x86.ActiveCfg = Debug|Any CPU
		{3156798F-C89B-46E0-B0DF-43E23665944A}.Debug|x86.Build.0 = Debug|Any CPU
		{3156798F-C89B-46E0-B0DF-43E23665944A}.Release|Any CPU.ActiveCfg = Release|Any CPU
		{3156798F-C89B-46E0-B0DF-43E23665944A}.Release|Any CPU.Build.0 = Release|Any CPU
		{3156798F-C89B-46E0-B0DF-43E23665944A}.Release|arm64.ActiveCfg = Release|Any CPU
		{3156798F-C89B-46E0-B0DF-43E23665944A}.Release|arm64.Build.0 = Release|Any CPU
		{3156798F-C89B-46E0-B0DF-43E23665944A}.Release|x64.ActiveCfg = Release|Any CPU
		{3156798F-C89B-46E0-B0DF-43E23665944A}.Release|x64.Build.0 = Release|Any CPU
		{3156798F-C89B-46E0-B0DF-43E23665944A}.Release|x86.ActiveCfg = Release|Any CPU
		{3156798F-C89B-46E0-B0DF-43E23665944A}.Release|x86.Build.0 = Release|Any CPU
		{F771D3AD-C56F-4908-B68E-2056C27731CF}.Debug|Any CPU.ActiveCfg = Debug|Any CPU
		{F771D3AD-C56F-4908-B68E-2056C27731CF}.Debug|Any CPU.Build.0 = Debug|Any CPU
		{F771D3AD-C56F-4908-B68E-2056C27731CF}.Debug|arm64.ActiveCfg = Debug|Any CPU
		{F771D3AD-C56F-4908-B68E-2056C27731CF}.Debug|arm64.Build.0 = Debug|Any CPU
		{F771D3AD-C56F-4908-B68E-2056C27731CF}.Debug|x64.ActiveCfg = Debug|Any CPU
		{F771D3AD-C56F-4908-B68E-2056C27731CF}.Debug|x64.Build.0 = Debug|Any CPU
		{F771D3AD-C56F-4908-B68E-2056C27731CF}.Debug|x86.ActiveCfg = Debug|Any CPU
		{F771D3AD-C56F-4908-B68E-2056C27731CF}.Debug|x86.Build.0 = Debug|Any CPU
		{F771D3AD-C56F-4908-B68E-2056C27731CF}.Release|Any CPU.ActiveCfg = Release|Any CPU
		{F771D3AD-C56F-4908-B68E-2056C27731CF}.Release|Any CPU.Build.0 = Release|Any CPU
		{F771D3AD-C56F-4908-B68E-2056C27731CF}.Release|arm64.ActiveCfg = Release|Any CPU
		{F771D3AD-C56F-4908-B68E-2056C27731CF}.Release|arm64.Build.0 = Release|Any CPU
		{F771D3AD-C56F-4908-B68E-2056C27731CF}.Release|x64.ActiveCfg = Release|Any CPU
		{F771D3AD-C56F-4908-B68E-2056C27731CF}.Release|x64.Build.0 = Release|Any CPU
		{F771D3AD-C56F-4908-B68E-2056C27731CF}.Release|x86.ActiveCfg = Release|Any CPU
		{F771D3AD-C56F-4908-B68E-2056C27731CF}.Release|x86.Build.0 = Release|Any CPU
		{933B11ED-9AA7-46DF-AE77-2E1C38E58693}.Debug|Any CPU.ActiveCfg = Debug|Any CPU
		{933B11ED-9AA7-46DF-AE77-2E1C38E58693}.Debug|Any CPU.Build.0 = Debug|Any CPU
		{933B11ED-9AA7-46DF-AE77-2E1C38E58693}.Debug|arm64.ActiveCfg = Debug|Any CPU
		{933B11ED-9AA7-46DF-AE77-2E1C38E58693}.Debug|arm64.Build.0 = Debug|Any CPU
		{933B11ED-9AA7-46DF-AE77-2E1C38E58693}.Debug|x64.ActiveCfg = Debug|Any CPU
		{933B11ED-9AA7-46DF-AE77-2E1C38E58693}.Debug|x64.Build.0 = Debug|Any CPU
		{933B11ED-9AA7-46DF-AE77-2E1C38E58693}.Debug|x86.ActiveCfg = Debug|Any CPU
		{933B11ED-9AA7-46DF-AE77-2E1C38E58693}.Debug|x86.Build.0 = Debug|Any CPU
		{933B11ED-9AA7-46DF-AE77-2E1C38E58693}.Release|Any CPU.ActiveCfg = Release|Any CPU
		{933B11ED-9AA7-46DF-AE77-2E1C38E58693}.Release|Any CPU.Build.0 = Release|Any CPU
		{933B11ED-9AA7-46DF-AE77-2E1C38E58693}.Release|arm64.ActiveCfg = Release|Any CPU
		{933B11ED-9AA7-46DF-AE77-2E1C38E58693}.Release|arm64.Build.0 = Release|Any CPU
		{933B11ED-9AA7-46DF-AE77-2E1C38E58693}.Release|x64.ActiveCfg = Release|Any CPU
		{933B11ED-9AA7-46DF-AE77-2E1C38E58693}.Release|x64.Build.0 = Release|Any CPU
		{933B11ED-9AA7-46DF-AE77-2E1C38E58693}.Release|x86.ActiveCfg = Release|Any CPU
		{933B11ED-9AA7-46DF-AE77-2E1C38E58693}.Release|x86.Build.0 = Release|Any CPU
		{00CD83F2-A530-4816-A6C5-200EDEC5BF32}.Debug|Any CPU.ActiveCfg = Debug|Any CPU
		{00CD83F2-A530-4816-A6C5-200EDEC5BF32}.Debug|Any CPU.Build.0 = Debug|Any CPU
		{00CD83F2-A530-4816-A6C5-200EDEC5BF32}.Debug|arm64.ActiveCfg = Debug|Any CPU
		{00CD83F2-A530-4816-A6C5-200EDEC5BF32}.Debug|arm64.Build.0 = Debug|Any CPU
		{00CD83F2-A530-4816-A6C5-200EDEC5BF32}.Debug|x64.ActiveCfg = Debug|Any CPU
		{00CD83F2-A530-4816-A6C5-200EDEC5BF32}.Debug|x64.Build.0 = Debug|Any CPU
		{00CD83F2-A530-4816-A6C5-200EDEC5BF32}.Debug|x86.ActiveCfg = Debug|Any CPU
		{00CD83F2-A530-4816-A6C5-200EDEC5BF32}.Debug|x86.Build.0 = Debug|Any CPU
		{00CD83F2-A530-4816-A6C5-200EDEC5BF32}.Release|Any CPU.ActiveCfg = Release|Any CPU
		{00CD83F2-A530-4816-A6C5-200EDEC5BF32}.Release|Any CPU.Build.0 = Release|Any CPU
		{00CD83F2-A530-4816-A6C5-200EDEC5BF32}.Release|arm64.ActiveCfg = Release|Any CPU
		{00CD83F2-A530-4816-A6C5-200EDEC5BF32}.Release|arm64.Build.0 = Release|Any CPU
		{00CD83F2-A530-4816-A6C5-200EDEC5BF32}.Release|x64.ActiveCfg = Release|Any CPU
		{00CD83F2-A530-4816-A6C5-200EDEC5BF32}.Release|x64.Build.0 = Release|Any CPU
		{00CD83F2-A530-4816-A6C5-200EDEC5BF32}.Release|x86.ActiveCfg = Release|Any CPU
		{00CD83F2-A530-4816-A6C5-200EDEC5BF32}.Release|x86.Build.0 = Release|Any CPU
		{349A3DA2-F62E-4842-B957-FDA2F60277C9}.Debug|Any CPU.ActiveCfg = Debug|Any CPU
		{349A3DA2-F62E-4842-B957-FDA2F60277C9}.Debug|Any CPU.Build.0 = Debug|Any CPU
		{349A3DA2-F62E-4842-B957-FDA2F60277C9}.Debug|arm64.ActiveCfg = Debug|Any CPU
		{349A3DA2-F62E-4842-B957-FDA2F60277C9}.Debug|arm64.Build.0 = Debug|Any CPU
		{349A3DA2-F62E-4842-B957-FDA2F60277C9}.Debug|x64.ActiveCfg = Debug|Any CPU
		{349A3DA2-F62E-4842-B957-FDA2F60277C9}.Debug|x64.Build.0 = Debug|Any CPU
		{349A3DA2-F62E-4842-B957-FDA2F60277C9}.Debug|x86.ActiveCfg = Debug|Any CPU
		{349A3DA2-F62E-4842-B957-FDA2F60277C9}.Debug|x86.Build.0 = Debug|Any CPU
		{349A3DA2-F62E-4842-B957-FDA2F60277C9}.Release|Any CPU.ActiveCfg = Release|Any CPU
		{349A3DA2-F62E-4842-B957-FDA2F60277C9}.Release|Any CPU.Build.0 = Release|Any CPU
		{349A3DA2-F62E-4842-B957-FDA2F60277C9}.Release|arm64.ActiveCfg = Release|Any CPU
		{349A3DA2-F62E-4842-B957-FDA2F60277C9}.Release|arm64.Build.0 = Release|Any CPU
		{349A3DA2-F62E-4842-B957-FDA2F60277C9}.Release|x64.ActiveCfg = Release|Any CPU
		{349A3DA2-F62E-4842-B957-FDA2F60277C9}.Release|x64.Build.0 = Release|Any CPU
		{349A3DA2-F62E-4842-B957-FDA2F60277C9}.Release|x86.ActiveCfg = Release|Any CPU
		{349A3DA2-F62E-4842-B957-FDA2F60277C9}.Release|x86.Build.0 = Release|Any CPU
		{760F14CF-24A0-467C-85AF-2FD50D9E8F37}.Debug|Any CPU.ActiveCfg = Debug|Any CPU
		{760F14CF-24A0-467C-85AF-2FD50D9E8F37}.Debug|Any CPU.Build.0 = Debug|Any CPU
		{760F14CF-24A0-467C-85AF-2FD50D9E8F37}.Debug|arm64.ActiveCfg = Debug|Any CPU
		{760F14CF-24A0-467C-85AF-2FD50D9E8F37}.Debug|arm64.Build.0 = Debug|Any CPU
		{760F14CF-24A0-467C-85AF-2FD50D9E8F37}.Debug|x64.ActiveCfg = Debug|Any CPU
		{760F14CF-24A0-467C-85AF-2FD50D9E8F37}.Debug|x64.Build.0 = Debug|Any CPU
		{760F14CF-24A0-467C-85AF-2FD50D9E8F37}.Debug|x86.ActiveCfg = Debug|Any CPU
		{760F14CF-24A0-467C-85AF-2FD50D9E8F37}.Debug|x86.Build.0 = Debug|Any CPU
		{760F14CF-24A0-467C-85AF-2FD50D9E8F37}.Release|Any CPU.ActiveCfg = Release|Any CPU
		{760F14CF-24A0-467C-85AF-2FD50D9E8F37}.Release|Any CPU.Build.0 = Release|Any CPU
		{760F14CF-24A0-467C-85AF-2FD50D9E8F37}.Release|arm64.ActiveCfg = Release|Any CPU
		{760F14CF-24A0-467C-85AF-2FD50D9E8F37}.Release|arm64.Build.0 = Release|Any CPU
		{760F14CF-24A0-467C-85AF-2FD50D9E8F37}.Release|x64.ActiveCfg = Release|Any CPU
		{760F14CF-24A0-467C-85AF-2FD50D9E8F37}.Release|x64.Build.0 = Release|Any CPU
		{760F14CF-24A0-467C-85AF-2FD50D9E8F37}.Release|x86.ActiveCfg = Release|Any CPU
		{760F14CF-24A0-467C-85AF-2FD50D9E8F37}.Release|x86.Build.0 = Release|Any CPU
		{772865CF-5E7D-4C06-A31F-E70F0E15D745}.Debug|Any CPU.ActiveCfg = Debug|Any CPU
		{772865CF-5E7D-4C06-A31F-E70F0E15D745}.Debug|Any CPU.Build.0 = Debug|Any CPU
		{772865CF-5E7D-4C06-A31F-E70F0E15D745}.Debug|arm64.ActiveCfg = Debug|Any CPU
		{772865CF-5E7D-4C06-A31F-E70F0E15D745}.Debug|arm64.Build.0 = Debug|Any CPU
		{772865CF-5E7D-4C06-A31F-E70F0E15D745}.Debug|x64.ActiveCfg = Debug|Any CPU
		{772865CF-5E7D-4C06-A31F-E70F0E15D745}.Debug|x64.Build.0 = Debug|Any CPU
		{772865CF-5E7D-4C06-A31F-E70F0E15D745}.Debug|x86.ActiveCfg = Debug|Any CPU
		{772865CF-5E7D-4C06-A31F-E70F0E15D745}.Debug|x86.Build.0 = Debug|Any CPU
		{772865CF-5E7D-4C06-A31F-E70F0E15D745}.Release|Any CPU.ActiveCfg = Release|Any CPU
		{772865CF-5E7D-4C06-A31F-E70F0E15D745}.Release|Any CPU.Build.0 = Release|Any CPU
		{772865CF-5E7D-4C06-A31F-E70F0E15D745}.Release|arm64.ActiveCfg = Release|Any CPU
		{772865CF-5E7D-4C06-A31F-E70F0E15D745}.Release|arm64.Build.0 = Release|Any CPU
		{772865CF-5E7D-4C06-A31F-E70F0E15D745}.Release|x64.ActiveCfg = Release|Any CPU
		{772865CF-5E7D-4C06-A31F-E70F0E15D745}.Release|x64.Build.0 = Release|Any CPU
		{772865CF-5E7D-4C06-A31F-E70F0E15D745}.Release|x86.ActiveCfg = Release|Any CPU
		{772865CF-5E7D-4C06-A31F-E70F0E15D745}.Release|x86.Build.0 = Release|Any CPU
		{BA9DFA7B-6FD9-4A6F-B09D-CAFB2CFC74D0}.Debug|Any CPU.ActiveCfg = Debug|Any CPU
		{BA9DFA7B-6FD9-4A6F-B09D-CAFB2CFC74D0}.Debug|Any CPU.Build.0 = Debug|Any CPU
		{BA9DFA7B-6FD9-4A6F-B09D-CAFB2CFC74D0}.Debug|arm64.ActiveCfg = Debug|Any CPU
		{BA9DFA7B-6FD9-4A6F-B09D-CAFB2CFC74D0}.Debug|arm64.Build.0 = Debug|Any CPU
		{BA9DFA7B-6FD9-4A6F-B09D-CAFB2CFC74D0}.Debug|x64.ActiveCfg = Debug|Any CPU
		{BA9DFA7B-6FD9-4A6F-B09D-CAFB2CFC74D0}.Debug|x64.Build.0 = Debug|Any CPU
		{BA9DFA7B-6FD9-4A6F-B09D-CAFB2CFC74D0}.Debug|x86.ActiveCfg = Debug|Any CPU
		{BA9DFA7B-6FD9-4A6F-B09D-CAFB2CFC74D0}.Debug|x86.Build.0 = Debug|Any CPU
		{BA9DFA7B-6FD9-4A6F-B09D-CAFB2CFC74D0}.Release|Any CPU.ActiveCfg = Release|Any CPU
		{BA9DFA7B-6FD9-4A6F-B09D-CAFB2CFC74D0}.Release|Any CPU.Build.0 = Release|Any CPU
		{BA9DFA7B-6FD9-4A6F-B09D-CAFB2CFC74D0}.Release|arm64.ActiveCfg = Release|Any CPU
		{BA9DFA7B-6FD9-4A6F-B09D-CAFB2CFC74D0}.Release|arm64.Build.0 = Release|Any CPU
		{BA9DFA7B-6FD9-4A6F-B09D-CAFB2CFC74D0}.Release|x64.ActiveCfg = Release|Any CPU
		{BA9DFA7B-6FD9-4A6F-B09D-CAFB2CFC74D0}.Release|x64.Build.0 = Release|Any CPU
		{BA9DFA7B-6FD9-4A6F-B09D-CAFB2CFC74D0}.Release|x86.ActiveCfg = Release|Any CPU
		{BA9DFA7B-6FD9-4A6F-B09D-CAFB2CFC74D0}.Release|x86.Build.0 = Release|Any CPU
		{14FED407-C69B-48D6-815E-EA5EA3E88095}.Debug|Any CPU.ActiveCfg = Debug|Any CPU
		{14FED407-C69B-48D6-815E-EA5EA3E88095}.Debug|Any CPU.Build.0 = Debug|Any CPU
		{14FED407-C69B-48D6-815E-EA5EA3E88095}.Debug|arm64.ActiveCfg = Debug|Any CPU
		{14FED407-C69B-48D6-815E-EA5EA3E88095}.Debug|arm64.Build.0 = Debug|Any CPU
		{14FED407-C69B-48D6-815E-EA5EA3E88095}.Debug|x64.ActiveCfg = Debug|Any CPU
		{14FED407-C69B-48D6-815E-EA5EA3E88095}.Debug|x64.Build.0 = Debug|Any CPU
		{14FED407-C69B-48D6-815E-EA5EA3E88095}.Debug|x86.ActiveCfg = Debug|Any CPU
		{14FED407-C69B-48D6-815E-EA5EA3E88095}.Debug|x86.Build.0 = Debug|Any CPU
		{14FED407-C69B-48D6-815E-EA5EA3E88095}.Release|Any CPU.ActiveCfg = Release|Any CPU
		{14FED407-C69B-48D6-815E-EA5EA3E88095}.Release|Any CPU.Build.0 = Release|Any CPU
		{14FED407-C69B-48D6-815E-EA5EA3E88095}.Release|arm64.ActiveCfg = Release|Any CPU
		{14FED407-C69B-48D6-815E-EA5EA3E88095}.Release|arm64.Build.0 = Release|Any CPU
		{14FED407-C69B-48D6-815E-EA5EA3E88095}.Release|x64.ActiveCfg = Release|Any CPU
		{14FED407-C69B-48D6-815E-EA5EA3E88095}.Release|x64.Build.0 = Release|Any CPU
		{14FED407-C69B-48D6-815E-EA5EA3E88095}.Release|x86.ActiveCfg = Release|Any CPU
		{14FED407-C69B-48D6-815E-EA5EA3E88095}.Release|x86.Build.0 = Release|Any CPU
		{6BD9E2A1-7338-46EB-97E3-F8966A08E27E}.Debug|Any CPU.ActiveCfg = Debug|Any CPU
		{6BD9E2A1-7338-46EB-97E3-F8966A08E27E}.Debug|Any CPU.Build.0 = Debug|Any CPU
		{6BD9E2A1-7338-46EB-97E3-F8966A08E27E}.Debug|arm64.ActiveCfg = Debug|Any CPU
		{6BD9E2A1-7338-46EB-97E3-F8966A08E27E}.Debug|arm64.Build.0 = Debug|Any CPU
		{6BD9E2A1-7338-46EB-97E3-F8966A08E27E}.Debug|x64.ActiveCfg = Debug|Any CPU
		{6BD9E2A1-7338-46EB-97E3-F8966A08E27E}.Debug|x64.Build.0 = Debug|Any CPU
		{6BD9E2A1-7338-46EB-97E3-F8966A08E27E}.Debug|x86.ActiveCfg = Debug|Any CPU
		{6BD9E2A1-7338-46EB-97E3-F8966A08E27E}.Debug|x86.Build.0 = Debug|Any CPU
		{6BD9E2A1-7338-46EB-97E3-F8966A08E27E}.Release|Any CPU.ActiveCfg = Release|Any CPU
		{6BD9E2A1-7338-46EB-97E3-F8966A08E27E}.Release|Any CPU.Build.0 = Release|Any CPU
		{6BD9E2A1-7338-46EB-97E3-F8966A08E27E}.Release|arm64.ActiveCfg = Release|Any CPU
		{6BD9E2A1-7338-46EB-97E3-F8966A08E27E}.Release|arm64.Build.0 = Release|Any CPU
		{6BD9E2A1-7338-46EB-97E3-F8966A08E27E}.Release|x64.ActiveCfg = Release|Any CPU
		{6BD9E2A1-7338-46EB-97E3-F8966A08E27E}.Release|x64.Build.0 = Release|Any CPU
		{6BD9E2A1-7338-46EB-97E3-F8966A08E27E}.Release|x86.ActiveCfg = Release|Any CPU
		{6BD9E2A1-7338-46EB-97E3-F8966A08E27E}.Release|x86.Build.0 = Release|Any CPU
		{5D9AE202-5C5D-4FDD-BF57-F05215459076}.Debug|Any CPU.ActiveCfg = Debug|Any CPU
		{5D9AE202-5C5D-4FDD-BF57-F05215459076}.Debug|Any CPU.Build.0 = Debug|Any CPU
		{5D9AE202-5C5D-4FDD-BF57-F05215459076}.Debug|arm64.ActiveCfg = Debug|Any CPU
		{5D9AE202-5C5D-4FDD-BF57-F05215459076}.Debug|arm64.Build.0 = Debug|Any CPU
		{5D9AE202-5C5D-4FDD-BF57-F05215459076}.Debug|x64.ActiveCfg = Debug|Any CPU
		{5D9AE202-5C5D-4FDD-BF57-F05215459076}.Debug|x64.Build.0 = Debug|Any CPU
		{5D9AE202-5C5D-4FDD-BF57-F05215459076}.Debug|x86.ActiveCfg = Debug|Any CPU
		{5D9AE202-5C5D-4FDD-BF57-F05215459076}.Debug|x86.Build.0 = Debug|Any CPU
		{5D9AE202-5C5D-4FDD-BF57-F05215459076}.Release|Any CPU.ActiveCfg = Release|Any CPU
		{5D9AE202-5C5D-4FDD-BF57-F05215459076}.Release|Any CPU.Build.0 = Release|Any CPU
		{5D9AE202-5C5D-4FDD-BF57-F05215459076}.Release|arm64.ActiveCfg = Release|Any CPU
		{5D9AE202-5C5D-4FDD-BF57-F05215459076}.Release|arm64.Build.0 = Release|Any CPU
		{5D9AE202-5C5D-4FDD-BF57-F05215459076}.Release|x64.ActiveCfg = Release|Any CPU
		{5D9AE202-5C5D-4FDD-BF57-F05215459076}.Release|x64.Build.0 = Release|Any CPU
		{5D9AE202-5C5D-4FDD-BF57-F05215459076}.Release|x86.ActiveCfg = Release|Any CPU
		{5D9AE202-5C5D-4FDD-BF57-F05215459076}.Release|x86.Build.0 = Release|Any CPU
		{A1A1EF69-8921-4125-9FB9-76E76A9931E8}.Debug|Any CPU.ActiveCfg = Debug|Any CPU
		{A1A1EF69-8921-4125-9FB9-76E76A9931E8}.Debug|Any CPU.Build.0 = Debug|Any CPU
		{A1A1EF69-8921-4125-9FB9-76E76A9931E8}.Debug|arm64.ActiveCfg = Debug|Any CPU
		{A1A1EF69-8921-4125-9FB9-76E76A9931E8}.Debug|arm64.Build.0 = Debug|Any CPU
		{A1A1EF69-8921-4125-9FB9-76E76A9931E8}.Debug|x64.ActiveCfg = Debug|Any CPU
		{A1A1EF69-8921-4125-9FB9-76E76A9931E8}.Debug|x64.Build.0 = Debug|Any CPU
		{A1A1EF69-8921-4125-9FB9-76E76A9931E8}.Debug|x86.ActiveCfg = Debug|Any CPU
		{A1A1EF69-8921-4125-9FB9-76E76A9931E8}.Debug|x86.Build.0 = Debug|Any CPU
		{A1A1EF69-8921-4125-9FB9-76E76A9931E8}.Release|Any CPU.ActiveCfg = Release|Any CPU
		{A1A1EF69-8921-4125-9FB9-76E76A9931E8}.Release|Any CPU.Build.0 = Release|Any CPU
		{A1A1EF69-8921-4125-9FB9-76E76A9931E8}.Release|arm64.ActiveCfg = Release|Any CPU
		{A1A1EF69-8921-4125-9FB9-76E76A9931E8}.Release|arm64.Build.0 = Release|Any CPU
		{A1A1EF69-8921-4125-9FB9-76E76A9931E8}.Release|x64.ActiveCfg = Release|Any CPU
		{A1A1EF69-8921-4125-9FB9-76E76A9931E8}.Release|x64.Build.0 = Release|Any CPU
		{A1A1EF69-8921-4125-9FB9-76E76A9931E8}.Release|x86.ActiveCfg = Release|Any CPU
		{A1A1EF69-8921-4125-9FB9-76E76A9931E8}.Release|x86.Build.0 = Release|Any CPU
		{E467124F-D0F0-4DD5-93EF-8648E679994E}.Debug|Any CPU.ActiveCfg = Debug|Any CPU
		{E467124F-D0F0-4DD5-93EF-8648E679994E}.Debug|Any CPU.Build.0 = Debug|Any CPU
		{E467124F-D0F0-4DD5-93EF-8648E679994E}.Debug|arm64.ActiveCfg = Debug|Any CPU
		{E467124F-D0F0-4DD5-93EF-8648E679994E}.Debug|arm64.Build.0 = Debug|Any CPU
		{E467124F-D0F0-4DD5-93EF-8648E679994E}.Debug|x64.ActiveCfg = Debug|Any CPU
		{E467124F-D0F0-4DD5-93EF-8648E679994E}.Debug|x64.Build.0 = Debug|Any CPU
		{E467124F-D0F0-4DD5-93EF-8648E679994E}.Debug|x86.ActiveCfg = Debug|Any CPU
		{E467124F-D0F0-4DD5-93EF-8648E679994E}.Debug|x86.Build.0 = Debug|Any CPU
		{E467124F-D0F0-4DD5-93EF-8648E679994E}.Release|Any CPU.ActiveCfg = Release|Any CPU
		{E467124F-D0F0-4DD5-93EF-8648E679994E}.Release|Any CPU.Build.0 = Release|Any CPU
		{E467124F-D0F0-4DD5-93EF-8648E679994E}.Release|arm64.ActiveCfg = Release|Any CPU
		{E467124F-D0F0-4DD5-93EF-8648E679994E}.Release|arm64.Build.0 = Release|Any CPU
		{E467124F-D0F0-4DD5-93EF-8648E679994E}.Release|x64.ActiveCfg = Release|Any CPU
		{E467124F-D0F0-4DD5-93EF-8648E679994E}.Release|x64.Build.0 = Release|Any CPU
		{E467124F-D0F0-4DD5-93EF-8648E679994E}.Release|x86.ActiveCfg = Release|Any CPU
		{E467124F-D0F0-4DD5-93EF-8648E679994E}.Release|x86.Build.0 = Release|Any CPU
		{CEE101E1-D78E-47C1-8D8F-9E59A99B3B8C}.Debug|Any CPU.ActiveCfg = Debug|Any CPU
		{CEE101E1-D78E-47C1-8D8F-9E59A99B3B8C}.Debug|Any CPU.Build.0 = Debug|Any CPU
		{CEE101E1-D78E-47C1-8D8F-9E59A99B3B8C}.Debug|arm64.ActiveCfg = Debug|Any CPU
		{CEE101E1-D78E-47C1-8D8F-9E59A99B3B8C}.Debug|arm64.Build.0 = Debug|Any CPU
		{CEE101E1-D78E-47C1-8D8F-9E59A99B3B8C}.Debug|x64.ActiveCfg = Debug|Any CPU
		{CEE101E1-D78E-47C1-8D8F-9E59A99B3B8C}.Debug|x64.Build.0 = Debug|Any CPU
		{CEE101E1-D78E-47C1-8D8F-9E59A99B3B8C}.Debug|x86.ActiveCfg = Debug|Any CPU
		{CEE101E1-D78E-47C1-8D8F-9E59A99B3B8C}.Debug|x86.Build.0 = Debug|Any CPU
		{CEE101E1-D78E-47C1-8D8F-9E59A99B3B8C}.Release|Any CPU.ActiveCfg = Release|Any CPU
		{CEE101E1-D78E-47C1-8D8F-9E59A99B3B8C}.Release|Any CPU.Build.0 = Release|Any CPU
		{CEE101E1-D78E-47C1-8D8F-9E59A99B3B8C}.Release|arm64.ActiveCfg = Release|Any CPU
		{CEE101E1-D78E-47C1-8D8F-9E59A99B3B8C}.Release|arm64.Build.0 = Release|Any CPU
		{CEE101E1-D78E-47C1-8D8F-9E59A99B3B8C}.Release|x64.ActiveCfg = Release|Any CPU
		{CEE101E1-D78E-47C1-8D8F-9E59A99B3B8C}.Release|x64.Build.0 = Release|Any CPU
		{CEE101E1-D78E-47C1-8D8F-9E59A99B3B8C}.Release|x86.ActiveCfg = Release|Any CPU
		{CEE101E1-D78E-47C1-8D8F-9E59A99B3B8C}.Release|x86.Build.0 = Release|Any CPU
		{C3B21347-440B-41AD-9097-5878AE4C3688}.Debug|Any CPU.ActiveCfg = Debug|x86
		{C3B21347-440B-41AD-9097-5878AE4C3688}.Debug|arm64.ActiveCfg = Debug|arm64
		{C3B21347-440B-41AD-9097-5878AE4C3688}.Debug|arm64.Build.0 = Debug|arm64
		{C3B21347-440B-41AD-9097-5878AE4C3688}.Debug|arm64.Deploy.0 = Debug|arm64
		{C3B21347-440B-41AD-9097-5878AE4C3688}.Debug|x64.ActiveCfg = Debug|x64
		{C3B21347-440B-41AD-9097-5878AE4C3688}.Debug|x64.Build.0 = Debug|x64
		{C3B21347-440B-41AD-9097-5878AE4C3688}.Debug|x64.Deploy.0 = Debug|x64
		{C3B21347-440B-41AD-9097-5878AE4C3688}.Debug|x86.ActiveCfg = Debug|x86
		{C3B21347-440B-41AD-9097-5878AE4C3688}.Debug|x86.Build.0 = Debug|x86
		{C3B21347-440B-41AD-9097-5878AE4C3688}.Debug|x86.Deploy.0 = Debug|x86
		{C3B21347-440B-41AD-9097-5878AE4C3688}.Release|Any CPU.ActiveCfg = Release|x86
		{C3B21347-440B-41AD-9097-5878AE4C3688}.Release|arm64.ActiveCfg = Release|arm64
		{C3B21347-440B-41AD-9097-5878AE4C3688}.Release|arm64.Build.0 = Release|arm64
		{C3B21347-440B-41AD-9097-5878AE4C3688}.Release|arm64.Deploy.0 = Release|arm64
		{C3B21347-440B-41AD-9097-5878AE4C3688}.Release|x64.ActiveCfg = Release|x64
		{C3B21347-440B-41AD-9097-5878AE4C3688}.Release|x64.Build.0 = Release|x64
		{C3B21347-440B-41AD-9097-5878AE4C3688}.Release|x64.Deploy.0 = Release|x64
		{C3B21347-440B-41AD-9097-5878AE4C3688}.Release|x86.ActiveCfg = Release|x86
		{C3B21347-440B-41AD-9097-5878AE4C3688}.Release|x86.Build.0 = Release|x86
		{C3B21347-440B-41AD-9097-5878AE4C3688}.Release|x86.Deploy.0 = Release|x86
		{9BF39256-0F79-49C9-8FB8-F2100DCB5B68}.Debug|Any CPU.ActiveCfg = Debug|x86
		{9BF39256-0F79-49C9-8FB8-F2100DCB5B68}.Debug|arm64.ActiveCfg = Debug|arm64
		{9BF39256-0F79-49C9-8FB8-F2100DCB5B68}.Debug|arm64.Build.0 = Debug|arm64
		{9BF39256-0F79-49C9-8FB8-F2100DCB5B68}.Debug|x64.ActiveCfg = Debug|x64
		{9BF39256-0F79-49C9-8FB8-F2100DCB5B68}.Debug|x64.Build.0 = Debug|x64
		{9BF39256-0F79-49C9-8FB8-F2100DCB5B68}.Debug|x86.ActiveCfg = Debug|x86
		{9BF39256-0F79-49C9-8FB8-F2100DCB5B68}.Debug|x86.Build.0 = Debug|x86
		{9BF39256-0F79-49C9-8FB8-F2100DCB5B68}.Release|Any CPU.ActiveCfg = Release|x86
		{9BF39256-0F79-49C9-8FB8-F2100DCB5B68}.Release|arm64.ActiveCfg = Release|arm64
		{9BF39256-0F79-49C9-8FB8-F2100DCB5B68}.Release|arm64.Build.0 = Release|arm64
		{9BF39256-0F79-49C9-8FB8-F2100DCB5B68}.Release|x64.ActiveCfg = Release|x64
		{9BF39256-0F79-49C9-8FB8-F2100DCB5B68}.Release|x64.Build.0 = Release|x64
		{9BF39256-0F79-49C9-8FB8-F2100DCB5B68}.Release|x86.ActiveCfg = Release|x86
		{9BF39256-0F79-49C9-8FB8-F2100DCB5B68}.Release|x86.Build.0 = Release|x86
		{88EEEF79-1526-4A3C-92ED-850EBB5E8EF9}.Debug|Any CPU.ActiveCfg = Debug|Any CPU
		{88EEEF79-1526-4A3C-92ED-850EBB5E8EF9}.Debug|Any CPU.Build.0 = Debug|Any CPU
		{88EEEF79-1526-4A3C-92ED-850EBB5E8EF9}.Debug|arm64.ActiveCfg = Debug|Any CPU
		{88EEEF79-1526-4A3C-92ED-850EBB5E8EF9}.Debug|arm64.Build.0 = Debug|Any CPU
		{88EEEF79-1526-4A3C-92ED-850EBB5E8EF9}.Debug|x64.ActiveCfg = Debug|x64
		{88EEEF79-1526-4A3C-92ED-850EBB5E8EF9}.Debug|x64.Build.0 = Debug|x64
		{88EEEF79-1526-4A3C-92ED-850EBB5E8EF9}.Debug|x86.ActiveCfg = Debug|x86
		{88EEEF79-1526-4A3C-92ED-850EBB5E8EF9}.Debug|x86.Build.0 = Debug|x86
		{88EEEF79-1526-4A3C-92ED-850EBB5E8EF9}.Release|Any CPU.ActiveCfg = Release|Any CPU
		{88EEEF79-1526-4A3C-92ED-850EBB5E8EF9}.Release|Any CPU.Build.0 = Release|Any CPU
		{88EEEF79-1526-4A3C-92ED-850EBB5E8EF9}.Release|arm64.ActiveCfg = Release|Any CPU
		{88EEEF79-1526-4A3C-92ED-850EBB5E8EF9}.Release|arm64.Build.0 = Release|Any CPU
		{88EEEF79-1526-4A3C-92ED-850EBB5E8EF9}.Release|x64.ActiveCfg = Release|x64
		{88EEEF79-1526-4A3C-92ED-850EBB5E8EF9}.Release|x64.Build.0 = Release|x64
		{88EEEF79-1526-4A3C-92ED-850EBB5E8EF9}.Release|x86.ActiveCfg = Release|x86
		{88EEEF79-1526-4A3C-92ED-850EBB5E8EF9}.Release|x86.Build.0 = Release|x86
	EndGlobalSection
	GlobalSection(SolutionProperties) = preSolution
		HideSolutionNode = FALSE
	EndGlobalSection
	GlobalSection(ExtensibilityGlobals) = postSolution
		SolutionGuid = {EF3E0A17-C89B-40A5-811F-FA0B2D378F24}
	EndGlobalSection
EndGlobal
